
Microsoft Visual Studio Solution File, Format Version 12.00
# Visual Studio Version 17
VisualStudioVersion = 17.7.34221.43
MinimumVisualStudioVersion = 10.0.40219.1
Project("{FAE04EC0-301F-11D3-BF4B-00C04F79EFBC}") = "HealthMonitoringSystem.Entity", "HealthMonitoringSystem.Entity\HealthMonitoringSystem.Entity.csproj", "{BCEAA130-0DC1-4A3D-8E3A-7541D83FA95A}"
EndProject
Project("{FAE04EC0-301F-11D3-BF4B-00C04F79EFBC}") = "HealthMonitoringSystem.DAL", "HealthMonitoringSystem.DAL\HealthMonitoringSystem.DAL.csproj", "{FCBC2789-818D-4AE2-97E9-0C442DA08FAA}"
EndProject
Project("{FAE04EC0-301F-11D3-BF4B-00C04F79EFBC}") = "HealthMonitoringSystem.BLL", "HealthMonitoringSystem.BLL\HealthMonitoringSystem.BLL.csproj", "{B97383F0-5785-4CCA-99BF-1A7A2288BA85}"
EndProject
Project("{FAE04EC0-301F-11D3-BF4B-00C04F79EFBC}") = "HealthMonitoringSystem.WinService", "HealthMonitoringSystem.WinService\HealthMonitoringSystem.WinService.csproj", "{F1409041-9120-48D5-B520-0A0A8CEE5C83}"
EndProject
Project("{FAE04EC0-301F-11D3-BF4B-00C04F79EFBC}") = "HealthMonitoringSystem.WinApp", "HealthMonitoringSystem.WinApp\HealthMonitoringSystem.WinApp.csproj", "{F1B290DC-D51A-4D88-824E-C0BDB7B469D5}"
EndProject
Global
	GlobalSection(SolutionConfigurationPlatforms) = preSolution
		Debug|Any CPU = Debug|Any CPU
		Debug|ARM = Debug|ARM
		Debug|x86 = Debug|x86
		Release|Any CPU = Release|Any CPU
		Release|ARM = Release|ARM
		Release|x86 = Release|x86
	EndGlobalSection
	GlobalSection(ProjectConfigurationPlatforms) = postSolution
		{BCEAA130-0DC1-4A3D-8E3A-7541D83FA95A}.Debug|Any CPU.ActiveCfg = Debug|Any CPU
		{BCEAA130-0DC1-4A3D-8E3A-7541D83FA95A}.Debug|Any CPU.Build.0 = Debug|Any CPU
		{BCEAA130-0DC1-4A3D-8E3A-7541D83FA95A}.Debug|ARM.ActiveCfg = Debug|Any CPU
		{BCEAA130-0DC1-4A3D-8E3A-7541D83FA95A}.Debug|x86.ActiveCfg = Debug|Any CPU
		{BCEAA130-0DC1-4A3D-8E3A-7541D83FA95A}.Release|Any CPU.ActiveCfg = Release|Any CPU
		{BCEAA130-0DC1-4A3D-8E3A-7541D83FA95A}.Release|Any CPU.Build.0 = Release|Any CPU
		{BCEAA130-0DC1-4A3D-8E3A-7541D83FA95A}.Release|ARM.ActiveCfg = Release|Any CPU
		{BCEAA130-0DC1-4A3D-8E3A-7541D83FA95A}.Release|x86.ActiveCfg = Release|Any CPU
		{FCBC2789-818D-4AE2-97E9-0C442DA08FAA}.Debug|Any CPU.ActiveCfg = Debug|Any CPU
		{FCBC2789-818D-4AE2-97E9-0C442DA08FAA}.Debug|Any CPU.Build.0 = Debug|Any CPU
		{FCBC2789-818D-4AE2-97E9-0C442DA08FAA}.Debug|ARM.ActiveCfg = Debug|Any CPU
		{FCBC2789-818D-4AE2-97E9-0C442DA08FAA}.Debug|x86.ActiveCfg = Debug|Any CPU
		{FCBC2789-818D-4AE2-97E9-0C442DA08FAA}.Release|Any CPU.ActiveCfg = Release|Any CPU
		{FCBC2789-818D-4AE2-97E9-0C442DA08FAA}.Release|Any CPU.Build.0 = Release|Any CPU
		{FCBC2789-818D-4AE2-97E9-0C442DA08FAA}.Release|ARM.ActiveCfg = Release|Any CPU
		{FCBC2789-818D-4AE2-97E9-0C442DA08FAA}.Release|x86.ActiveCfg = Release|Any CPU
		{B97383F0-5785-4CCA-99BF-1A7A2288BA85}.Debug|Any CPU.ActiveCfg = Debug|Any CPU
		{B97383F0-5785-4CCA-99BF-1A7A2288BA85}.Debug|Any CPU.Build.0 = Debug|Any CPU
		{B97383F0-5785-4CCA-99BF-1A7A2288BA85}.Debug|ARM.ActiveCfg = Debug|Any CPU
		{B97383F0-5785-4CCA-99BF-1A7A2288BA85}.Debug|x86.ActiveCfg = Debug|Any CPU
		{B97383F0-5785-4CCA-99BF-1A7A2288BA85}.Release|Any CPU.ActiveCfg = Release|Any CPU
		{B97383F0-5785-4CCA-99BF-1A7A2288BA85}.Release|Any CPU.Build.0 = Release|Any CPU
		{B97383F0-5785-4CCA-99BF-1A7A2288BA85}.Release|ARM.ActiveCfg = Release|Any CPU
		{B97383F0-5785-4CCA-99BF-1A7A2288BA85}.Release|x86.ActiveCfg = Release|Any CPU
		{F1409041-9120-48D5-B520-0A0A8CEE5C83}.Debug|Any CPU.ActiveCfg = Debug|Any CPU
		{F1409041-9120-48D5-B520-0A0A8CEE5C83}.Debug|Any CPU.Build.0 = Debug|Any CPU
		{F1409041-9120-48D5-B520-0A0A8CEE5C83}.Debug|ARM.ActiveCfg = Debug|Any CPU
		{F1409041-9120-48D5-B520-0A0A8CEE5C83}.Debug|x86.ActiveCfg = Debug|Any CPU
		{F1409041-9120-48D5-B520-0A0A8CEE5C83}.Release|Any CPU.ActiveCfg = Release|Any CPU
		{F1409041-9120-48D5-B520-0A0A8CEE5C83}.Release|Any CPU.Build.0 = Release|Any CPU
		{F1409041-9120-48D5-B520-0A0A8CEE5C83}.Release|ARM.ActiveCfg = Release|Any CPU
		{F1409041-9120-48D5-B520-0A0A8CEE5C83}.Release|x86.ActiveCfg = Release|Any CPU
		{F1B290DC-D51A-4D88-824E-C0BDB7B469D5}.Debug|Any CPU.ActiveCfg = Debug|Any CPU
		{F1B290DC-D51A-4D88-824E-C0BDB7B469D5}.Debug|Any CPU.Build.0 = Debug|Any CPU
		{F1B290DC-D51A-4D88-824E-C0BDB7B469D5}.Debug|ARM.ActiveCfg = Debug|Any CPU
		{F1B290DC-D51A-4D88-824E-C0BDB7B469D5}.Debug|x86.ActiveCfg = Debug|Any CPU
		{F1B290DC-D51A-4D88-824E-C0BDB7B469D5}.Release|Any CPU.ActiveCfg = Release|Any CPU
		{F1B290DC-D51A-4D88-824E-C0BDB7B469D5}.Release|Any CPU.Build.0 = Release|Any CPU
		{F1B290DC-D51A-4D88-824E-C0BDB7B469D5}.Release|ARM.ActiveCfg = Release|Any CPU
		{F1B290DC-D51A-4D88-824E-C0BDB7B469D5}.Release|x86.ActiveCfg = Release|Any CPU
	EndGlobalSection
	GlobalSection(SolutionProperties) = preSolution
		HideSolutionNode = FALSE
	EndGlobalSection
	GlobalSection(ExtensibilityGlobals) = postSolution
		SolutionGuid = {C3CFC052-4D8F-4930-91DF-FD01802B7819}
	EndGlobalSection
EndGlobal
